{
  "name": "sei-mocktest",
  "version": "1.0.0",
  "lockfileVersion": 1,
  "requires": true,
  "dependencies": {
    "is-plain-obj": {
      "version": "1.1.0",
      "resolved": "https://registry.npmjs.org/is-plain-obj/-/is-plain-obj-1.1.0.tgz",
      "integrity": "sha1-caUMhCnfync8kqOQpKA7OfzVHT4=",
      "dev": true
    },
    "is-regexp": {
      "version": "1.0.0",
      "resolved": "https://registry.npmjs.org/is-regexp/-/is-regexp-1.0.0.tgz",
      "integrity": "sha1-/S2INUXEa6xaYz57mgnof6LLUGk=",
      "dev": true
    },
    "lodash": {
      "version": "4.17.15",
      "resolved": "https://registry.npmjs.org/lodash/-/lodash-4.17.15.tgz",
      "integrity": "sha512-8xOcRHvCjnocdS5cpwXQXVzmmh5e5+saE2QGoeQmbKmRS6J3VQppPOIt0MnmE+4xlZoumy0GPG0D0MVIQbNA1A==",
      "dev": true
    },
    "path-parse": {
      "version": "1.0.6",
      "resolved": "https://registry.npmjs.org/path-parse/-/path-parse-1.0.6.tgz",
      "integrity": "sha512-GSmOT2EbHrINBf9SR7CDELwlJ8AENk3Qn7OikK4nFYAu3Ote2+JYNVvkpAEQm3/TLNEJFD/xZJjzyxg3KBWOzw==",
      "dev": true
    },
    "quibble": {
      "version": "0.5.6",
      "resolved": "https://registry.npmjs.org/quibble/-/quibble-0.5.6.tgz",
      "integrity": "sha512-nAqsl6RxhWK36grfglqEXC0ihA3Q+DaCKeqJti/uz8CpiE92590hx3TRob+z89udYqj3PoUpQvjW77T1IR70mw==",
      "dev": true,
      "requires": {
        "lodash": "^4.17.14",
        "resolve": "^1.11.1"
      }
    },
    "resolve": {
      "version": "1.11.1",
      "resolved": "https://registry.npmjs.org/resolve/-/resolve-1.11.1.tgz",
      "integrity": "sha512-vIpgF6wfuJOZI7KKKSP+HmiKggadPQAdsp5HiC1mvqnfp0gF1vdwgBWZIdrVft9pgqoMFQN+R7BSWZiBxx+BBw==",
      "dev": true,
      "requires": {
        "path-parse": "^1.0.6"
      }
    },
    "stringify-object-es5": {
      "version": "2.5.0",
      "resolved": "https://registry.npmjs.org/stringify-object-es5/-/stringify-object-es5-2.5.0.tgz",
      "integrity": "sha1-BXw8mpChJzObudFwSikLt70KHsU=",
      "dev": true,
      "requires": {
        "is-plain-obj": "^1.0.0",
        "is-regexp": "^1.0.0"
      }
    },
    "testdouble": {
      "version": "3.12.2",
      "resolved": "https://registry.npmjs.org/testdouble/-/testdouble-3.12.2.tgz",
      "integrity": "sha512-+K1+JZZZUYFkeiIbNWDUVpyTrtYzNLHc8nRXADCvQ70913DA/xGgRkE+mWEbyZQTBRH5c5aVR4YjXvCY4hnT3w==",
      "dev": true,
      "requires": {
        "lodash": "^4.17.14",
        "quibble": "^0.5.6",
        "stringify-object-es5": "^2.5.0",
        "theredoc": "^1.0.0"
      }
    },
    "theredoc": {
      "version": "1.0.0",
      "resolved": "https://registry.npmjs.org/theredoc/-/theredoc-1.0.0.tgz",
      "integrity": "sha512-KU3SA3TjRRM932jpNfD3u4Ec3bSvedyo5ITPI7zgWYnKep7BwQQaxlhI9qbO+lKJoRnoAbEVfMcAHRuKVYikDA==",
      "dev": true
    }
  }
}
